
Microsoft Visual Studio Solution File, Format Version 12.00
# Visual Studio Version 17
VisualStudioVersion = 17.0.31825.309
MinimumVisualStudioVersion = 10.0.40219.1
Project("{9A19103F-16F7-4668-BE54-9A1E7A4F7556}") = "AttributePolymorphism", "AttributePolymorphism\AttributePolymorphism.csproj", "{54CA80CB-2BC6-42DF-AB4B-D87F0CDFC7B5}"
EndProject
Project("{9A19103F-16F7-4668-BE54-9A1E7A4F7556}") = "AsyncEnumerableConcurrentMerge", "AsyncEnumerableConcurrentMerge\AsyncEnumerableConcurrentMerge.csproj", "{4A698983-57C6-45C0-A5D0-3E99528CFBC5}"
EndProject
Project("{9A19103F-16F7-4668-BE54-9A1E7A4F7556}") = "RecordPlayground", "RecordPlayground\RecordPlayground.csproj", "{83938D62-F81A-4A65-9480-B87992FC0C30}"
EndProject
Project("{9A19103F-16F7-4668-BE54-9A1E7A4F7556}") = "RegexPlayground", "RegexPlayground\RegexPlayground.csproj", "{A583F1F9-173D-4112-B1FA-239B4A2BB47F}"
EndProject
Project("{9A19103F-16F7-4668-BE54-9A1E7A4F7556}") = "CsvHelperPlayground", "CsvHelperPlayground\CsvHelperPlayground.csproj", "{D8AB211E-7AD9-4EB9-B62C-A0C2DD7C1DE1}"
EndProject
Project("{9A19103F-16F7-4668-BE54-9A1E7A4F7556}") = "CommandLineRendering", "CommandLineRendering\CommandLineRendering.csproj", "{121ACA3B-2E38-4EAB-9119-297F7B82D93C}"
EndProject
Project("{9A19103F-16F7-4668-BE54-9A1E7A4F7556}") = "IPHelper", "IPHelper\IPHelper.csproj", "{1B48B52C-D1DC-48B1-88FA-6836E30BF12D}"
EndProject
Project("{9A19103F-16F7-4668-BE54-9A1E7A4F7556}") = "TrimUsingFileStream", "TrimUsingFileStream\TrimUsingFileStream.csproj", "{69543E64-79BC-42E4-BEAB-2050688D50E0}"
EndProject
Project("{9A19103F-16F7-4668-BE54-9A1E7A4F7556}") = "ConsoleLogging", "ConsoleLogging\ConsoleLogging.csproj", "{8CA8F2D2-47F6-4FDB-B86E-554D9217ED71}"
EndProject
Project("{9A19103F-16F7-4668-BE54-9A1E7A4F7556}") = "CommandLinePlayground", "CommandLinePlayground\CommandLinePlayground.csproj", "{EE0CEEC6-CB9C-4F13-9A8E-2CA636BE1E82}"
EndProject
Project("{9A19103F-16F7-4668-BE54-9A1E7A4F7556}") = "BenchmarkParsingStringIntoOtherTypes", "BenchmarkParsingStringIntoOtherTypes\BenchmarkParsingStringIntoOtherTypes.csproj", "{61942260-04D4-4DFE-B3C9-9FF5BC29C939}"
EndProject
Project("{9A19103F-16F7-4668-BE54-9A1E7A4F7556}") = "BenchmarkStringCreateVersusStringBuilder", "BenchmarkStringCreateVersusStringBuilder\BenchmarkStringCreateVersusStringBuilder.csproj", "{208BCB32-6C4C-4CB2-A6B8-99A97B395BE8}"
EndProject
Global
	GlobalSection(SolutionConfigurationPlatforms) = preSolution
		Debug|Any CPU = Debug|Any CPU
		Release|Any CPU = Release|Any CPU
	EndGlobalSection
	GlobalSection(ProjectConfigurationPlatforms) = postSolution
		{54CA80CB-2BC6-42DF-AB4B-D87F0CDFC7B5}.Debug|Any CPU.ActiveCfg = Debug|Any CPU
		{54CA80CB-2BC6-42DF-AB4B-D87F0CDFC7B5}.Debug|Any CPU.Build.0 = Debug|Any CPU
		{54CA80CB-2BC6-42DF-AB4B-D87F0CDFC7B5}.Release|Any CPU.ActiveCfg = Release|Any CPU
		{54CA80CB-2BC6-42DF-AB4B-D87F0CDFC7B5}.Release|Any CPU.Build.0 = Release|Any CPU
		{4A698983-57C6-45C0-A5D0-3E99528CFBC5}.Debug|Any CPU.ActiveCfg = Debug|Any CPU
		{4A698983-57C6-45C0-A5D0-3E99528CFBC5}.Debug|Any CPU.Build.0 = Debug|Any CPU
		{4A698983-57C6-45C0-A5D0-3E99528CFBC5}.Release|Any CPU.ActiveCfg = Release|Any CPU
		{4A698983-57C6-45C0-A5D0-3E99528CFBC5}.Release|Any CPU.Build.0 = Release|Any CPU
		{83938D62-F81A-4A65-9480-B87992FC0C30}.Debug|Any CPU.ActiveCfg = Debug|Any CPU
		{83938D62-F81A-4A65-9480-B87992FC0C30}.Debug|Any CPU.Build.0 = Debug|Any CPU
		{83938D62-F81A-4A65-9480-B87992FC0C30}.Release|Any CPU.ActiveCfg = Release|Any CPU
		{83938D62-F81A-4A65-9480-B87992FC0C30}.Release|Any CPU.Build.0 = Release|Any CPU
		{A583F1F9-173D-4112-B1FA-239B4A2BB47F}.Debug|Any CPU.ActiveCfg = Debug|Any CPU
		{A583F1F9-173D-4112-B1FA-239B4A2BB47F}.Debug|Any CPU.Build.0 = Debug|Any CPU
		{A583F1F9-173D-4112-B1FA-239B4A2BB47F}.Release|Any CPU.ActiveCfg = Release|Any CPU
		{A583F1F9-173D-4112-B1FA-239B4A2BB47F}.Release|Any CPU.Build.0 = Release|Any CPU
		{D8AB211E-7AD9-4EB9-B62C-A0C2DD7C1DE1}.Debug|Any CPU.ActiveCfg = Debug|Any CPU
		{D8AB211E-7AD9-4EB9-B62C-A0C2DD7C1DE1}.Debug|Any CPU.Build.0 = Debug|Any CPU
		{D8AB211E-7AD9-4EB9-B62C-A0C2DD7C1DE1}.Release|Any CPU.ActiveCfg = Release|Any CPU
		{D8AB211E-7AD9-4EB9-B62C-A0C2DD7C1DE1}.Release|Any CPU.Build.0 = Release|Any CPU
		{121ACA3B-2E38-4EAB-9119-297F7B82D93C}.Debug|Any CPU.ActiveCfg = Debug|Any CPU
		{121ACA3B-2E38-4EAB-9119-297F7B82D93C}.Debug|Any CPU.Build.0 = Debug|Any CPU
		{121ACA3B-2E38-4EAB-9119-297F7B82D93C}.Release|Any CPU.ActiveCfg = Release|Any CPU
		{121ACA3B-2E38-4EAB-9119-297F7B82D93C}.Release|Any CPU.Build.0 = Release|Any CPU
		{1B48B52C-D1DC-48B1-88FA-6836E30BF12D}.Debug|Any CPU.ActiveCfg = Debug|Any CPU
		{1B48B52C-D1DC-48B1-88FA-6836E30BF12D}.Debug|Any CPU.Build.0 = Debug|Any CPU
		{1B48B52C-D1DC-48B1-88FA-6836E30BF12D}.Release|Any CPU.ActiveCfg = Release|Any CPU
		{1B48B52C-D1DC-48B1-88FA-6836E30BF12D}.Release|Any CPU.Build.0 = Release|Any CPU
		{69543E64-79BC-42E4-BEAB-2050688D50E0}.Debug|Any CPU.ActiveCfg = Debug|Any CPU
		{69543E64-79BC-42E4-BEAB-2050688D50E0}.Debug|Any CPU.Build.0 = Debug|Any CPU
		{69543E64-79BC-42E4-BEAB-2050688D50E0}.Release|Any CPU.ActiveCfg = Release|Any CPU
		{69543E64-79BC-42E4-BEAB-2050688D50E0}.Release|Any CPU.Build.0 = Release|Any CPU
		{8CA8F2D2-47F6-4FDB-B86E-554D9217ED71}.Debug|Any CPU.ActiveCfg = Debug|Any CPU
		{8CA8F2D2-47F6-4FDB-B86E-554D9217ED71}.Debug|Any CPU.Build.0 = Debug|Any CPU
		{8CA8F2D2-47F6-4FDB-B86E-554D9217ED71}.Release|Any CPU.ActiveCfg = Release|Any CPU
		{8CA8F2D2-47F6-4FDB-B86E-554D9217ED71}.Release|Any CPU.Build.0 = Release|Any CPU
		{EE0CEEC6-CB9C-4F13-9A8E-2CA636BE1E82}.Debug|Any CPU.ActiveCfg = Debug|Any CPU
		{EE0CEEC6-CB9C-4F13-9A8E-2CA636BE1E82}.Debug|Any CPU.Build.0 = Debug|Any CPU
		{EE0CEEC6-CB9C-4F13-9A8E-2CA636BE1E82}.Release|Any CPU.ActiveCfg = Release|Any CPU
		{EE0CEEC6-CB9C-4F13-9A8E-2CA636BE1E82}.Release|Any CPU.Build.0 = Release|Any CPU
		{61942260-04D4-4DFE-B3C9-9FF5BC29C939}.Debug|Any CPU.ActiveCfg = Debug|Any CPU
		{61942260-04D4-4DFE-B3C9-9FF5BC29C939}.Debug|Any CPU.Build.0 = Debug|Any CPU
		{61942260-04D4-4DFE-B3C9-9FF5BC29C939}.Release|Any CPU.ActiveCfg = Release|Any CPU
		{61942260-04D4-4DFE-B3C9-9FF5BC29C939}.Release|Any CPU.Build.0 = Release|Any CPU
		{208BCB32-6C4C-4CB2-A6B8-99A97B395BE8}.Debug|Any CPU.ActiveCfg = Debug|Any CPU
		{208BCB32-6C4C-4CB2-A6B8-99A97B395BE8}.Debug|Any CPU.Build.0 = Debug|Any CPU
		{208BCB32-6C4C-4CB2-A6B8-99A97B395BE8}.Release|Any CPU.ActiveCfg = Release|Any CPU
		{208BCB32-6C4C-4CB2-A6B8-99A97B395BE8}.Release|Any CPU.Build.0 = Release|Any CPU
	EndGlobalSection
	GlobalSection(SolutionProperties) = preSolution
		HideSolutionNode = FALSE
	EndGlobalSection
	GlobalSection(ExtensibilityGlobals) = postSolution
		SolutionGuid = {238C5ACC-DAF0-4D47-A202-219B9B7F7D30}
	EndGlobalSection
EndGlobal
